
Microsoft Visual Studio Solution File, Format Version 12.00
# Visual Studio 14
VisualStudioVersion = 14.0.22310.1
MinimumVisualStudioVersion = 10.0.40219.1
Project("{2150E333-8FDC-42A3-9474-1A3956D46DE8}") = "src", "src", "{E0492866-AF60-4DCC-8DFD-7F60B0F87159}"
EndProject
Project("{8BB2217D-0F2D-49D1-97BC-3654ED321F3B}") = "MovieAngularJSApp", "src\MovieAngularJSApp\MovieAngularJSApp.kproj", "{2CC87F07-135C-4568-9891-31FD61B8F9BB}"
EndProject
Project("{2150E333-8FDC-42A3-9474-1A3956D46DE8}") = "Solution Items", "Solution Items", "{F7A6C004-F418-46C8-87E8-3AE6558E407D}"
	ProjectSection(SolutionItems) = preProject
		global.json = global.json
	EndProjectSection
EndProject
Global
	GlobalSection(SolutionConfigurationPlatforms) = preSolution
		Debug|Any CPU = Debug|Any CPU
		Release|Any CPU = Release|Any CPU
	EndGlobalSection
	GlobalSection(ProjectConfigurationPlatforms) = postSolution
		{2CC87F07-135C-4568-9891-31FD61B8F9BB}.Debug|Any CPU.ActiveCfg = Debug|Any CPU
		{2CC87F07-135C-4568-9891-31FD61B8F9BB}.Debug|Any CPU.Build.0 = Debug|Any CPU
		{2CC87F07-135C-4568-9891-31FD61B8F9BB}.Release|Any CPU.ActiveCfg = Release|Any CPU
		{2CC87F07-135C-4568-9891-31FD61B8F9BB}.Release|Any CPU.Build.0 = Release|Any CPU
	EndGlobalSection
	GlobalSection(SolutionProperties) = preSolution
		HideSolutionNode = FALSE
	EndGlobalSection
	GlobalSection(NestedProjects) = preSolution
		{2CC87F07-135C-4568-9891-31FD61B8F9BB} = {E0492866-AF60-4DCC-8DFD-7F60B0F87159}
	EndGlobalSection
EndGlobal
