
Microsoft Visual Studio Solution File, Format Version 12.00
# Visual Studio 14
VisualStudioVersion = 14.0.22310.1
MinimumVisualStudioVersion = 10.0.40219.1
Project("{2150E333-8FDC-42A3-9474-1A3956D46DE8}") = "src", "src", "{2AD7FE20-AC59-49EC-BAE0-DC8A12BA83EF}"
EndProject
Project("{8BB2217D-0F2D-49D1-97BC-3654ED321F3B}") = "MovieAngularJSApp", "src\MovieAngularJSApp\MovieAngularJSApp.kproj", "{9402B163-9B91-4ECB-A228-22477603D3D3}"
EndProject
Project("{2150E333-8FDC-42A3-9474-1A3956D46DE8}") = "Solution Items", "Solution Items", "{235C3330-A785-4280-AD67-8FBC4424909D}"
	ProjectSection(SolutionItems) = preProject
		global.json = global.json
	EndProjectSection
EndProject
Global
	GlobalSection(SolutionConfigurationPlatforms) = preSolution
		Debug|Any CPU = Debug|Any CPU
		Release|Any CPU = Release|Any CPU
	EndGlobalSection
	GlobalSection(ProjectConfigurationPlatforms) = postSolution
		{9402B163-9B91-4ECB-A228-22477603D3D3}.Debug|Any CPU.ActiveCfg = Debug|Any CPU
		{9402B163-9B91-4ECB-A228-22477603D3D3}.Debug|Any CPU.Build.0 = Debug|Any CPU
		{9402B163-9B91-4ECB-A228-22477603D3D3}.Release|Any CPU.ActiveCfg = Release|Any CPU
		{9402B163-9B91-4ECB-A228-22477603D3D3}.Release|Any CPU.Build.0 = Release|Any CPU
	EndGlobalSection
	GlobalSection(SolutionProperties) = preSolution
		HideSolutionNode = FALSE
	EndGlobalSection
	GlobalSection(NestedProjects) = preSolution
		{9402B163-9B91-4ECB-A228-22477603D3D3} = {2AD7FE20-AC59-49EC-BAE0-DC8A12BA83EF}
	EndGlobalSection
EndGlobal
